
Microsoft Visual Studio Solution File, Format Version 12.00
# Visual Studio 2012
Project("{D954291E-2A0B-460D-934E-DC6B0785DB48}") = "MotionRaceBrowser", "MotionRaceBrowser\MotionRaceBrowser.shproj", "{B63E7E13-9477-4B38-BEA8-E265EB4A2E69}"
EndProject
Project("{FAE04EC0-301F-11D3-BF4B-00C04F79EFBC}") = "MotionRaceBrowser.iOS", "iOS\MotionRaceBrowser.iOS.csproj", "{EC291CC7-B547-4C80-BD95-4C7EFC36186A}"
EndProject
Project("{FAE04EC0-301F-11D3-BF4B-00C04F79EFBC}") = "MotionRaceBrowser.Droid", "Droid\MotionRaceBrowser.Droid.csproj", "{3AB1674D-16D7-4295-85ED-B627D94C1A56}"
EndProject
Project("{FAE04EC0-301F-11D3-BF4B-00C04F79EFBC}") = "TwitchBrowser.iOS", "TwitchBrowser.iOS\TwitchBrowser.iOS.csproj", "{35262ABB-A92D-41EE-A714-590C8C40EBAA}"
EndProject
Project("{FAE04EC0-301F-11D3-BF4B-00C04F79EFBC}") = "TwitchBrowser.Droid", "TwitchBrowser.Droid\TwitchBrowser.Droid.csproj", "{6839A5AC-7A8F-4142-A6BE-C2A0D09B2117}"
EndProject
Project("{FAE04EC0-301F-11D3-BF4B-00C04F79EFBC}") = "ResGront.iOS", "ResGront.iOS\ResGront.iOS.csproj", "{5AE31915-78A5-405F-9957-F5E69A3581E6}"
EndProject
Project("{FAE04EC0-301F-11D3-BF4B-00C04F79EFBC}") = "ResGront.Droid", "ResGront.Droid\ResGront.Droid.csproj", "{2D8D3E06-0E7C-42B0-97F5-36E84EEF71F7}"
EndProject
Global
	GlobalSection(SolutionConfigurationPlatforms) = preSolution
		Debug|iPhoneSimulator = Debug|iPhoneSimulator
		Release|iPhone = Release|iPhone
		Release|iPhoneSimulator = Release|iPhoneSimulator
		Debug|iPhone = Debug|iPhone
		Debug|Any CPU = Debug|Any CPU
		Release|Any CPU = Release|Any CPU
	EndGlobalSection
	GlobalSection(ProjectConfigurationPlatforms) = postSolution
		{EC291CC7-B547-4C80-BD95-4C7EFC36186A}.Debug|iPhoneSimulator.ActiveCfg = Debug|iPhoneSimulator
		{EC291CC7-B547-4C80-BD95-4C7EFC36186A}.Debug|iPhoneSimulator.Build.0 = Debug|iPhoneSimulator
		{EC291CC7-B547-4C80-BD95-4C7EFC36186A}.Release|iPhone.ActiveCfg = Release|iPhone
		{EC291CC7-B547-4C80-BD95-4C7EFC36186A}.Release|iPhone.Build.0 = Release|iPhone
		{EC291CC7-B547-4C80-BD95-4C7EFC36186A}.Release|iPhoneSimulator.ActiveCfg = Release|iPhoneSimulator
		{EC291CC7-B547-4C80-BD95-4C7EFC36186A}.Release|iPhoneSimulator.Build.0 = Release|iPhoneSimulator
		{EC291CC7-B547-4C80-BD95-4C7EFC36186A}.Debug|iPhone.ActiveCfg = Debug|iPhone
		{EC291CC7-B547-4C80-BD95-4C7EFC36186A}.Debug|iPhone.Build.0 = Debug|iPhone
		{EC291CC7-B547-4C80-BD95-4C7EFC36186A}.Debug|Any CPU.ActiveCfg = Debug|iPhoneSimulator
		{EC291CC7-B547-4C80-BD95-4C7EFC36186A}.Debug|Any CPU.Build.0 = Debug|iPhoneSimulator
		{EC291CC7-B547-4C80-BD95-4C7EFC36186A}.Release|Any CPU.ActiveCfg = Release|iPhone
		{EC291CC7-B547-4C80-BD95-4C7EFC36186A}.Release|Any CPU.Build.0 = Release|iPhone
		{3AB1674D-16D7-4295-85ED-B627D94C1A56}.Debug|iPhoneSimulator.ActiveCfg = Debug|Any CPU
		{3AB1674D-16D7-4295-85ED-B627D94C1A56}.Debug|iPhoneSimulator.Build.0 = Debug|Any CPU
		{3AB1674D-16D7-4295-85ED-B627D94C1A56}.Release|iPhone.ActiveCfg = Release|Any CPU
		{3AB1674D-16D7-4295-85ED-B627D94C1A56}.Release|iPhone.Build.0 = Release|Any CPU
		{3AB1674D-16D7-4295-85ED-B627D94C1A56}.Release|iPhoneSimulator.ActiveCfg = Release|Any CPU
		{3AB1674D-16D7-4295-85ED-B627D94C1A56}.Release|iPhoneSimulator.Build.0 = Release|Any CPU
		{3AB1674D-16D7-4295-85ED-B627D94C1A56}.Debug|iPhone.ActiveCfg = Debug|Any CPU
		{3AB1674D-16D7-4295-85ED-B627D94C1A56}.Debug|iPhone.Build.0 = Debug|Any CPU
		{3AB1674D-16D7-4295-85ED-B627D94C1A56}.Debug|Any CPU.ActiveCfg = Debug|Any CPU
		{3AB1674D-16D7-4295-85ED-B627D94C1A56}.Debug|Any CPU.Build.0 = Debug|Any CPU
		{3AB1674D-16D7-4295-85ED-B627D94C1A56}.Release|Any CPU.ActiveCfg = Release|Any CPU
		{3AB1674D-16D7-4295-85ED-B627D94C1A56}.Release|Any CPU.Build.0 = Release|Any CPU
		{35262ABB-A92D-41EE-A714-590C8C40EBAA}.Debug|iPhoneSimulator.ActiveCfg = Debug|iPhoneSimulator
		{35262ABB-A92D-41EE-A714-590C8C40EBAA}.Debug|iPhoneSimulator.Build.0 = Debug|iPhoneSimulator
		{35262ABB-A92D-41EE-A714-590C8C40EBAA}.Release|iPhone.ActiveCfg = Release|iPhone
		{35262ABB-A92D-41EE-A714-590C8C40EBAA}.Release|iPhone.Build.0 = Release|iPhone
		{35262ABB-A92D-41EE-A714-590C8C40EBAA}.Release|iPhoneSimulator.ActiveCfg = Release|iPhoneSimulator
		{35262ABB-A92D-41EE-A714-590C8C40EBAA}.Release|iPhoneSimulator.Build.0 = Release|iPhoneSimulator
		{35262ABB-A92D-41EE-A714-590C8C40EBAA}.Debug|iPhone.ActiveCfg = Debug|iPhone
		{35262ABB-A92D-41EE-A714-590C8C40EBAA}.Debug|iPhone.Build.0 = Debug|iPhone
		{35262ABB-A92D-41EE-A714-590C8C40EBAA}.Debug|Any CPU.ActiveCfg = Debug|iPhoneSimulator
		{35262ABB-A92D-41EE-A714-590C8C40EBAA}.Debug|Any CPU.Build.0 = Debug|iPhoneSimulator
		{35262ABB-A92D-41EE-A714-590C8C40EBAA}.Release|Any CPU.ActiveCfg = Release|iPhone
		{35262ABB-A92D-41EE-A714-590C8C40EBAA}.Release|Any CPU.Build.0 = Release|iPhone
		{6839A5AC-7A8F-4142-A6BE-C2A0D09B2117}.Debug|iPhoneSimulator.ActiveCfg = Debug|Any CPU
		{6839A5AC-7A8F-4142-A6BE-C2A0D09B2117}.Debug|iPhoneSimulator.Build.0 = Debug|Any CPU
		{6839A5AC-7A8F-4142-A6BE-C2A0D09B2117}.Release|iPhone.ActiveCfg = Release|Any CPU
		{6839A5AC-7A8F-4142-A6BE-C2A0D09B2117}.Release|iPhone.Build.0 = Release|Any CPU
		{6839A5AC-7A8F-4142-A6BE-C2A0D09B2117}.Release|iPhoneSimulator.ActiveCfg = Release|Any CPU
		{6839A5AC-7A8F-4142-A6BE-C2A0D09B2117}.Release|iPhoneSimulator.Build.0 = Release|Any CPU
		{6839A5AC-7A8F-4142-A6BE-C2A0D09B2117}.Debug|iPhone.ActiveCfg = Debug|Any CPU
		{6839A5AC-7A8F-4142-A6BE-C2A0D09B2117}.Debug|iPhone.Build.0 = Debug|Any CPU
		{6839A5AC-7A8F-4142-A6BE-C2A0D09B2117}.Debug|Any CPU.ActiveCfg = Debug|Any CPU
		{6839A5AC-7A8F-4142-A6BE-C2A0D09B2117}.Debug|Any CPU.Build.0 = Debug|Any CPU
		{6839A5AC-7A8F-4142-A6BE-C2A0D09B2117}.Release|Any CPU.ActiveCfg = Release|Any CPU
		{6839A5AC-7A8F-4142-A6BE-C2A0D09B2117}.Release|Any CPU.Build.0 = Release|Any CPU
		{5AE31915-78A5-405F-9957-F5E69A3581E6}.Debug|iPhoneSimulator.ActiveCfg = Debug|iPhoneSimulator
		{5AE31915-78A5-405F-9957-F5E69A3581E6}.Debug|iPhoneSimulator.Build.0 = Debug|iPhoneSimulator
		{5AE31915-78A5-405F-9957-F5E69A3581E6}.Release|iPhone.ActiveCfg = Release|iPhone
		{5AE31915-78A5-405F-9957-F5E69A3581E6}.Release|iPhone.Build.0 = Release|iPhone
		{5AE31915-78A5-405F-9957-F5E69A3581E6}.Release|iPhoneSimulator.ActiveCfg = Release|iPhoneSimulator
		{5AE31915-78A5-405F-9957-F5E69A3581E6}.Release|iPhoneSimulator.Build.0 = Release|iPhoneSimulator
		{5AE31915-78A5-405F-9957-F5E69A3581E6}.Debug|iPhone.ActiveCfg = Debug|iPhone
		{5AE31915-78A5-405F-9957-F5E69A3581E6}.Debug|iPhone.Build.0 = Debug|iPhone
		{5AE31915-78A5-405F-9957-F5E69A3581E6}.Debug|Any CPU.ActiveCfg = Debug|iPhoneSimulator
		{5AE31915-78A5-405F-9957-F5E69A3581E6}.Debug|Any CPU.Build.0 = Debug|iPhoneSimulator
		{5AE31915-78A5-405F-9957-F5E69A3581E6}.Release|Any CPU.ActiveCfg = Release|iPhone
		{5AE31915-78A5-405F-9957-F5E69A3581E6}.Release|Any CPU.Build.0 = Release|iPhone
		{2D8D3E06-0E7C-42B0-97F5-36E84EEF71F7}.Debug|iPhoneSimulator.ActiveCfg = Debug|Any CPU
		{2D8D3E06-0E7C-42B0-97F5-36E84EEF71F7}.Debug|iPhoneSimulator.Build.0 = Debug|Any CPU
		{2D8D3E06-0E7C-42B0-97F5-36E84EEF71F7}.Release|iPhone.ActiveCfg = Release|Any CPU
		{2D8D3E06-0E7C-42B0-97F5-36E84EEF71F7}.Release|iPhone.Build.0 = Release|Any CPU
		{2D8D3E06-0E7C-42B0-97F5-36E84EEF71F7}.Release|iPhoneSimulator.ActiveCfg = Release|Any CPU
		{2D8D3E06-0E7C-42B0-97F5-36E84EEF71F7}.Release|iPhoneSimulator.Build.0 = Release|Any CPU
		{2D8D3E06-0E7C-42B0-97F5-36E84EEF71F7}.Debug|iPhone.ActiveCfg = Debug|Any CPU
		{2D8D3E06-0E7C-42B0-97F5-36E84EEF71F7}.Debug|iPhone.Build.0 = Debug|Any CPU
		{2D8D3E06-0E7C-42B0-97F5-36E84EEF71F7}.Debug|Any CPU.ActiveCfg = Debug|Any CPU
		{2D8D3E06-0E7C-42B0-97F5-36E84EEF71F7}.Debug|Any CPU.Build.0 = Debug|Any CPU
		{2D8D3E06-0E7C-42B0-97F5-36E84EEF71F7}.Release|Any CPU.ActiveCfg = Release|Any CPU
		{2D8D3E06-0E7C-42B0-97F5-36E84EEF71F7}.Release|Any CPU.Build.0 = Release|Any CPU
	EndGlobalSection
EndGlobal
